// !$*UTF8*$!
{
	archiveVersion = 1;
	classes = {
	};
	objectVersion = 52;
	objects = {

/* Begin PBXBuildFile section */
		D0554EFF24030D1F00264011 /* AppDelegate.swift in Sources */ = {isa = PBXBuildFile; fileRef = D0554EFE24030D1F00264011 /* AppDelegate.swift */; };
		D0554F0124030D1F00264011 /* SceneDelegate.swift in Sources */ = {isa = PBXBuildFile; fileRef = D0554F0024030D1F00264011 /* SceneDelegate.swift */; };
		D0554F0324030D1F00264011 /* ViewController.swift in Sources */ = {isa = PBXBuildFile; fileRef = D0554F0224030D1F00264011 /* ViewController.swift */; };
		D0554F0624030D1F00264011 /* Main.storyboard in Resources */ = {isa = PBXBuildFile; fileRef = D0554F0424030D1F00264011 /* Main.storyboard */; };
		D0554F0824030D1F00264011 /* Assets.xcassets in Resources */ = {isa = PBXBuildFile; fileRef = D0554F0724030D1F00264011 /* Assets.xcassets */; };
		D0554F0B24030D1F00264011 /* LaunchScreen.storyboard in Resources */ = {isa = PBXBuildFile; fileRef = D0554F0924030D1F00264011 /* LaunchScreen.storyboard */; };
		D0554F1824030DB100264011 /* Interface.storyboard in Resources */ = {isa = PBXBuildFile; fileRef = D0554F1624030DB100264011 /* Interface.storyboard */; };
		D0554F1A24030DB100264011 /* Assets.xcassets in Resources */ = {isa = PBXBuildFile; fileRef = D0554F1924030DB100264011 /* Assets.xcassets */; };
		D0554F2124030DB100264011 /* TestwatchOS Extension.appex in Embed App Extensions */ = {isa = PBXBuildFile; fileRef = D0554F2024030DB100264011 /* TestwatchOS Extension.appex */; settings = {ATTRIBUTES = (RemoveHeadersOnCopy, ); }; };
		D0554F2624030DB100264011 /* InterfaceController.swift in Sources */ = {isa = PBXBuildFile; fileRef = D0554F2524030DB100264011 /* InterfaceController.swift */; };
		D0554F2824030DB100264011 /* ExtensionDelegate.swift in Sources */ = {isa = PBXBuildFile; fileRef = D0554F2724030DB100264011 /* ExtensionDelegate.swift */; };
		D0554F2A24030DB200264011 /* Assets.xcassets in Resources */ = {isa = PBXBuildFile; fileRef = D0554F2924030DB200264011 /* Assets.xcassets */; };
		D0554F2E24030DB200264011 /* TestwatchOS.app in Embed Watch Content */ = {isa = PBXBuildFile; fileRef = D0554F1424030DB000264011 /* TestwatchOS.app */; settings = {ATTRIBUTES = (RemoveHeadersOnCopy, ); }; };
		D0554F3924031AA400264011 /* TestModel.xcdatamodeld in Sources */ = {isa = PBXBuildFile; fileRef = D0554F3724031AA400264011 /* TestModel.xcdatamodeld */; };
		D075AC102403D91800CF398E /* TestModel.xcdatamodeld in Sources */ = {isa = PBXBuildFile; fileRef = D0554F3724031AA400264011 /* TestModel.xcdatamodeld */; };
/* End PBXBuildFile section */

/* Begin PBXContainerItemProxy section */
		D0554F2224030DB100264011 /* PBXContainerItemProxy */ = {
			isa = PBXContainerItemProxy;
			containerPortal = D0554EF324030D1F00264011 /* Project object */;
			proxyType = 1;
			remoteGlobalIDString = D0554F1F24030DB100264011;
			remoteInfo = "TestwatchOS Extension";
		};
		D0554F2C24030DB200264011 /* PBXContainerItemProxy */ = {
			isa = PBXContainerItemProxy;
			containerPortal = D0554EF324030D1F00264011 /* Project object */;
			proxyType = 1;
			remoteGlobalIDString = D0554F1324030DB000264011;
			remoteInfo = TestwatchOS;
		};
/* End PBXContainerItemProxy section */

/* Begin PBXCopyFilesBuildPhase section */
		D0554F3224030DB200264011 /* Embed App Extensions */ = {
			isa = PBXCopyFilesBuildPhase;
			buildActionMask = 2147483647;
			dstPath = "";
			dstSubfolderSpec = 13;
			files = (
				D0554F2124030DB100264011 /* TestwatchOS Extension.appex in Embed App Extensions */,
			);
			name = "Embed App Extensions";
			runOnlyForDeploymentPostprocessing = 0;
		};
		D0554F3624030DB200264011 /* Embed Watch Content */ = {
			isa = PBXCopyFilesBuildPhase;
			buildActionMask = 2147483647;
			dstPath = "$(CONTENTS_FOLDER_PATH)/Watch";
			dstSubfolderSpec = 16;
			files = (
				D0554F2E24030DB200264011 /* TestwatchOS.app in Embed Watch Content */,
			);
			name = "Embed Watch Content";
			runOnlyForDeploymentPostprocessing = 0;
		};
/* End PBXCopyFilesBuildPhase section */

/* Begin PBXFileReference section */
		D0554EFB24030D1F00264011 /* TestiOS.app */ = {isa = PBXFileReference; explicitFileType = wrapper.application; includeInIndex = 0; path = TestiOS.app; sourceTree = BUILT_PRODUCTS_DIR; };
		D0554EFE24030D1F00264011 /* AppDelegate.swift */ = {isa = PBXFileReference; lastKnownFileType = sourcecode.swift; path = AppDelegate.swift; sourceTree = "<group>"; };
		D0554F0024030D1F00264011 /* SceneDelegate.swift */ = {isa = PBXFileReference; lastKnownFileType = sourcecode.swift; path = SceneDelegate.swift; sourceTree = "<group>"; };
		D0554F0224030D1F00264011 /* ViewController.swift */ = {isa = PBXFileReference; lastKnownFileType = sourcecode.swift; path = ViewController.swift; sourceTree = "<group>"; };
		D0554F0524030D1F00264011 /* Base */ = {isa = PBXFileReference; lastKnownFileType = file.storyboard; name = Base; path = Base.lproj/Main.storyboard; sourceTree = "<group>"; };
		D0554F0724030D1F00264011 /* Assets.xcassets */ = {isa = PBXFileReference; lastKnownFileType = folder.assetcatalog; path = Assets.xcassets; sourceTree = "<group>"; };
		D0554F0A24030D1F00264011 /* Base */ = {isa = PBXFileReference; lastKnownFileType = file.storyboard; name = Base; path = Base.lproj/LaunchScreen.storyboard; sourceTree = "<group>"; };
		D0554F0C24030D1F00264011 /* Info.plist */ = {isa = PBXFileReference; lastKnownFileType = text.plist.xml; path = Info.plist; sourceTree = "<group>"; };
		D0554F1424030DB000264011 /* TestwatchOS.app */ = {isa = PBXFileReference; explicitFileType = wrapper.application; includeInIndex = 0; path = TestwatchOS.app; sourceTree = BUILT_PRODUCTS_DIR; };
		D0554F1724030DB100264011 /* Base */ = {isa = PBXFileReference; lastKnownFileType = file.storyboard; name = Base; path = Base.lproj/Interface.storyboard; sourceTree = "<group>"; };
		D0554F1924030DB100264011 /* Assets.xcassets */ = {isa = PBXFileReference; lastKnownFileType = folder.assetcatalog; path = Assets.xcassets; sourceTree = "<group>"; };
		D0554F1B24030DB100264011 /* Info.plist */ = {isa = PBXFileReference; lastKnownFileType = text.plist.xml; path = Info.plist; sourceTree = "<group>"; };
		D0554F2024030DB100264011 /* TestwatchOS Extension.appex */ = {isa = PBXFileReference; explicitFileType = "wrapper.app-extension"; includeInIndex = 0; path = "TestwatchOS Extension.appex"; sourceTree = BUILT_PRODUCTS_DIR; };
		D0554F2524030DB100264011 /* InterfaceController.swift */ = {isa = PBXFileReference; lastKnownFileType = sourcecode.swift; path = InterfaceController.swift; sourceTree = "<group>"; };
		D0554F2724030DB100264011 /* ExtensionDelegate.swift */ = {isa = PBXFileReference; lastKnownFileType = sourcecode.swift; path = ExtensionDelegate.swift; sourceTree = "<group>"; };
		D0554F2924030DB200264011 /* Assets.xcassets */ = {isa = PBXFileReference; lastKnownFileType = folder.assetcatalog; path = Assets.xcassets; sourceTree = "<group>"; };
		D0554F2B24030DB200264011 /* Info.plist */ = {isa = PBXFileReference; lastKnownFileType = text.plist.xml; path = Info.plist; sourceTree = "<group>"; };
		D0554F3824031AA400264011 /* TestModel.xcdatamodel */ = {isa = PBXFileReference; lastKnownFileType = wrapper.xcdatamodel; path = TestModel.xcdatamodel; sourceTree = "<group>"; };
/* End PBXFileReference section */

/* Begin PBXFrameworksBuildPhase section */
		D0554EF824030D1F00264011 /* Frameworks */ = {
			isa = PBXFrameworksBuildPhase;
			buildActionMask = 2147483647;
			files = (
			);
			runOnlyForDeploymentPostprocessing = 0;
		};
		D0554F1D24030DB100264011 /* Frameworks */ = {
			isa = PBXFrameworksBuildPhase;
			buildActionMask = 2147483647;
			files = (
			);
			runOnlyForDeploymentPostprocessing = 0;
		};
/* End PBXFrameworksBuildPhase section */

/* Begin PBXGroup section */
		D0554EF224030D1F00264011 = {
			isa = PBXGroup;
			children = (
				D0554F3724031AA400264011 /* TestModel.xcdatamodeld */,
				D0554EFD24030D1F00264011 /* TestiOS */,
				D0554F1524030DB000264011 /* TestwatchOS */,
				D0554F2424030DB100264011 /* TestwatchOS Extension */,
				D0554EFC24030D1F00264011 /* Products */,
			);
			sourceTree = "<group>";
		};
		D0554EFC24030D1F00264011 /* Products */ = {
			isa = PBXGroup;
			children = (
				D0554EFB24030D1F00264011 /* TestiOS.app */,
				D0554F1424030DB000264011 /* TestwatchOS.app */,
				D0554F2024030DB100264011 /* TestwatchOS Extension.appex */,
			);
			name = Products;
			sourceTree = "<group>";
		};
		D0554EFD24030D1F00264011 /* TestiOS */ = {
			isa = PBXGroup;
			children = (
				D0554EFE24030D1F00264011 /* AppDelegate.swift */,
				D0554F0024030D1F00264011 /* SceneDelegate.swift */,
				D0554F0224030D1F00264011 /* ViewController.swift */,
				D0554F0424030D1F00264011 /* Main.storyboard */,
				D0554F0724030D1F00264011 /* Assets.xcassets */,
				D0554F0924030D1F00264011 /* LaunchScreen.storyboard */,
				D0554F0C24030D1F00264011 /* Info.plist */,
			);
			path = TestiOS;
			sourceTree = "<group>";
		};
		D0554F1524030DB000264011 /* TestwatchOS */ = {
			isa = PBXGroup;
			children = (
				D0554F1624030DB100264011 /* Interface.storyboard */,
				D0554F1924030DB100264011 /* Assets.xcassets */,
				D0554F1B24030DB100264011 /* Info.plist */,
			);
			path = TestwatchOS;
			sourceTree = "<group>";
		};
		D0554F2424030DB100264011 /* TestwatchOS Extension */ = {
			isa = PBXGroup;
			children = (
				D0554F2524030DB100264011 /* InterfaceController.swift */,
				D0554F2724030DB100264011 /* ExtensionDelegate.swift */,
				D0554F2924030DB200264011 /* Assets.xcassets */,
				D0554F2B24030DB200264011 /* Info.plist */,
			);
			path = "TestwatchOS Extension";
			sourceTree = "<group>";
		};
/* End PBXGroup section */

/* Begin PBXNativeTarget section */
		D0554EFA24030D1F00264011 /* TestiOS */ = {
			isa = PBXNativeTarget;
			buildConfigurationList = D0554F0F24030D1F00264011 /* Build configuration list for PBXNativeTarget "TestiOS" */;
			buildPhases = (
				D0554EF724030D1F00264011 /* Sources */,
				D0554EF824030D1F00264011 /* Frameworks */,
				D0554EF924030D1F00264011 /* Resources */,
				D0554F3624030DB200264011 /* Embed Watch Content */,
			);
			buildRules = (
			);
			dependencies = (
				D0554F2D24030DB200264011 /* PBXTargetDependency */,
			);
			name = TestiOS;
			productName = TestiOS;
			productReference = D0554EFB24030D1F00264011 /* TestiOS.app */;
			productType = "com.apple.product-type.application";
		};
		D0554F1324030DB000264011 /* TestwatchOS */ = {
			isa = PBXNativeTarget;
			buildConfigurationList = D0554F3324030DB200264011 /* Build configuration list for PBXNativeTarget "TestwatchOS" */;
			buildPhases = (
				D0554F1224030DB000264011 /* Resources */,
				D0554F3224030DB200264011 /* Embed App Extensions */,
			);
			buildRules = (
			);
			dependencies = (
				D0554F2324030DB100264011 /* PBXTargetDependency */,
			);
			name = TestwatchOS;
			productName = TestwatchOS;
			productReference = D0554F1424030DB000264011 /* TestwatchOS.app */;
			productType = "com.apple.product-type.application.watchapp2";
		};
		D0554F1F24030DB100264011 /* TestwatchOS Extension */ = {
			isa = PBXNativeTarget;
			buildConfigurationList = D0554F2F24030DB200264011 /* Build configuration list for PBXNativeTarget "TestwatchOS Extension" */;
			buildPhases = (
				D0554F1C24030DB100264011 /* Sources */,
				D0554F1D24030DB100264011 /* Frameworks */,
				D0554F1E24030DB100264011 /* Resources */,
			);
			buildRules = (
			);
			dependencies = (
			);
			name = "TestwatchOS Extension";
			productName = "TestwatchOS Extension";
			productReference = D0554F2024030DB100264011 /* TestwatchOS Extension.appex */;
			productType = "com.apple.product-type.watchkit2-extension";
		};
/* End PBXNativeTarget section */

/* Begin PBXProject section */
		D0554EF324030D1F00264011 /* Project object */ = {
			isa = PBXProject;
			attributes = {
				LastSwiftUpdateCheck = 1130;
				LastUpgradeCheck = 1130;
				ORGANIZATIONNAME = Aleksandar;
				TargetAttributes = {
					D0554EFA24030D1F00264011 = {
						CreatedOnToolsVersion = 11.3;
					};
					D0554F1324030DB000264011 = {
						CreatedOnToolsVersion = 11.3;
					};
					D0554F1F24030DB100264011 = {
						CreatedOnToolsVersion = 11.3;
					};
				};
			};
			buildConfigurationList = D0554EF624030D1F00264011 /* Build configuration list for PBXProject "TestiOS" */;
			compatibilityVersion = "Xcode 11.0";
			developmentRegion = en;
			hasScannedForEncodings = 0;
			knownRegions = (
				en,
				Base,
			);
			mainGroup = D0554EF224030D1F00264011;
			productRefGroup = D0554EFC24030D1F00264011 /* Products */;
			projectDirPath = "";
			projectRoot = "";
			targets = (
				D0554EFA24030D1F00264011 /* TestiOS */,
				D0554F1324030DB000264011 /* TestwatchOS */,
				D0554F1F24030DB100264011 /* TestwatchOS Extension */,
			);
		};
/* End PBXProject section */

/* Begin PBXResourcesBuildPhase section */
		D0554EF924030D1F00264011 /* Resources */ = {
			isa = PBXResourcesBuildPhase;
			buildActionMask = 2147483647;
			files = (
				D0554F0B24030D1F00264011 /* LaunchScreen.storyboard in Resources */,
				D0554F0824030D1F00264011 /* Assets.xcassets in Resources */,
				D0554F0624030D1F00264011 /* Main.storyboard in Resources */,
			);
			runOnlyForDeploymentPostprocessing = 0;
		};
		D0554F1224030DB000264011 /* Resources */ = {
			isa = PBXResourcesBuildPhase;
			buildActionMask = 2147483647;
			files = (
				D0554F1A24030DB100264011 /* Assets.xcassets in Resources */,
				D0554F1824030DB100264011 /* Interface.storyboard in Resources */,
			);
			runOnlyForDeploymentPostprocessing = 0;
		};
		D0554F1E24030DB100264011 /* Resources */ = {
			isa = PBXResourcesBuildPhase;
			buildActionMask = 2147483647;
			files = (
				D0554F2A24030DB200264011 /* Assets.xcassets in Resources */,
			);
			runOnlyForDeploymentPostprocessing = 0;
		};
/* End PBXResourcesBuildPhase section */

/* Begin PBXSourcesBuildPhase section */
		D0554EF724030D1F00264011 /* Sources */ = {
			isa = PBXSourcesBuildPhase;
			buildActionMask = 2147483647;
			files = (
				D0554F0324030D1F00264011 /* ViewController.swift in Sources */,
				D0554EFF24030D1F00264011 /* AppDelegate.swift in Sources */,
				D0554F0124030D1F00264011 /* SceneDelegate.swift in Sources */,
				D0554F3924031AA400264011 /* TestModel.xcdatamodeld in Sources */,
			);
			runOnlyForDeploymentPostprocessing = 0;
		};
		D0554F1C24030DB100264011 /* Sources */ = {
			isa = PBXSourcesBuildPhase;
			buildActionMask = 2147483647;
			files = (
				D075AC102403D91800CF398E /* TestModel.xcdatamodeld in Sources */,
				D0554F2824030DB100264011 /* ExtensionDelegate.swift in Sources */,
				D0554F2624030DB100264011 /* InterfaceController.swift in Sources */,
			);
			runOnlyForDeploymentPostprocessing = 0;
		};
/* End PBXSourcesBuildPhase section */

/* Begin PBXTargetDependency section */
		D0554F2324030DB100264011 /* PBXTargetDependency */ = {
			isa = PBXTargetDependency;
			target = D0554F1F24030DB100264011 /* TestwatchOS Extension */;
			targetProxy = D0554F2224030DB100264011 /* PBXContainerItemProxy */;
		};
		D0554F2D24030DB200264011 /* PBXTargetDependency */ = {
			isa = PBXTargetDependency;
			target = D0554F1324030DB000264011 /* TestwatchOS */;
			targetProxy = D0554F2C24030DB200264011 /* PBXContainerItemProxy */;
		};
/* End PBXTargetDependency section */

/* Begin PBXVariantGroup section */
		D0554F0424030D1F00264011 /* Main.storyboard */ = {
			isa = PBXVariantGroup;
			children = (
				D0554F0524030D1F00264011 /* Base */,
			);
			name = Main.storyboard;
			sourceTree = "<group>";
		};
		D0554F0924030D1F00264011 /* LaunchScreen.storyboard */ = {
			isa = PBXVariantGroup;
			children = (
				D0554F0A24030D1F00264011 /* Base */,
			);
			name = LaunchScreen.storyboard;
			sourceTree = "<group>";
		};
		D0554F1624030DB100264011 /* Interface.storyboard */ = {
			isa = PBXVariantGroup;
			children = (
				D0554F1724030DB100264011 /* Base */,
			);
			name = Interface.storyboard;
			sourceTree = "<group>";
		};
/* End PBXVariantGroup section */

/* Begin XCBuildConfiguration section */
		D0554F0D24030D1F00264011 /* Debug */ = {
			isa = XCBuildConfiguration;
			buildSettings = {
				ALWAYS_SEARCH_USER_PATHS = NO;
				CLANG_ANALYZER_NONNULL = YES;
				CLANG_ANALYZER_NUMBER_OBJECT_CONVERSION = YES_AGGRESSIVE;
				CLANG_CXX_LANGUAGE_STANDARD = "gnu++14";
				CLANG_CXX_LIBRARY = "libc++";
				CLANG_ENABLE_MODULES = YES;
				CLANG_ENABLE_OBJC_ARC = YES;
				CLANG_ENABLE_OBJC_WEAK = YES;
				CLANG_WARN_BLOCK_CAPTURE_AUTORELEASING = YES;
				CLANG_WARN_BOOL_CONVERSION = YES;
				CLANG_WARN_COMMA = YES;
				CLANG_WARN_CONSTANT_CONVERSION = YES;
				CLANG_WARN_DEPRECATED_OBJC_IMPLEMENTATIONS = YES;
				CLANG_WARN_DIRECT_OBJC_ISA_USAGE = YES_ERROR;
				CLANG_WARN_DOCUMENTATION_COMMENTS = YES;
				CLANG_WARN_EMPTY_BODY = YES;
				CLANG_WARN_ENUM_CONVERSION = YES;
				CLANG_WARN_INFINITE_RECURSION = YES;
				CLANG_WARN_INT_CONVERSION = YES;
				CLANG_WARN_NON_LITERAL_NULL_CONVERSION = YES;
				CLANG_WARN_OBJC_IMPLICIT_RETAIN_SELF = YES;
				CLANG_WARN_OBJC_LITERAL_CONVERSION = YES;
				CLANG_WARN_OBJC_ROOT_CLASS = YES_ERROR;
				CLANG_WARN_RANGE_LOOP_ANALYSIS = YES;
				CLANG_WARN_STRICT_PROTOTYPES = YES;
				CLANG_WARN_SUSPICIOUS_MOVE = YES;
				CLANG_WARN_UNGUARDED_AVAILABILITY = YES_AGGRESSIVE;
				CLANG_WARN_UNREACHABLE_CODE = YES;
				CLANG_WARN__DUPLICATE_METHOD_MATCH = YES;
				COPY_PHASE_STRIP = NO;
				DEBUG_INFORMATION_FORMAT = dwarf;
				ENABLE_STRICT_OBJC_MSGSEND = YES;
				ENABLE_TESTABILITY = YES;
				GCC_C_LANGUAGE_STANDARD = gnu11;
				GCC_DYNAMIC_NO_PIC = NO;
				GCC_NO_COMMON_BLOCKS = YES;
				GCC_OPTIMIZATION_LEVEL = 0;
				GCC_PREPROCESSOR_DEFINITIONS = (
					"DEBUG=1",
					"$(inherited)",
				);
				GCC_WARN_64_TO_32_BIT_CONVERSION = YES;
				GCC_WARN_ABOUT_RETURN_TYPE = YES_ERROR;
				GCC_WARN_UNDECLARED_SELECTOR = YES;
				GCC_WARN_UNINITIALIZED_AUTOS = YES_AGGRESSIVE;
				GCC_WARN_UNUSED_FUNCTION = YES;
				GCC_WARN_UNUSED_VARIABLE = YES;
				IPHONEOS_DEPLOYMENT_TARGET = 13.0;
				MTL_ENABLE_DEBUG_INFO = INCLUDE_SOURCE;
				MTL_FAST_MATH = YES;
				ONLY_ACTIVE_ARCH = YES;
				SDKROOT = iphoneos;
				SWIFT_ACTIVE_COMPILATION_CONDITIONS = DEBUG;
				SWIFT_OPTIMIZATION_LEVEL = "-Onone";
				SWIFT_VERSION = 5.0;
			};
			name = Debug;
		};
		D0554F0E24030D1F00264011 /* Release */ = {
			isa = XCBuildConfiguration;
			buildSettings = {
				ALWAYS_SEARCH_USER_PATHS = NO;
				CLANG_ANALYZER_NONNULL = YES;
				CLANG_ANALYZER_NUMBER_OBJECT_CONVERSION = YES_AGGRESSIVE;
				CLANG_CXX_LANGUAGE_STANDARD = "gnu++14";
				CLANG_CXX_LIBRARY = "libc++";
				CLANG_ENABLE_MODULES = YES;
				CLANG_ENABLE_OBJC_ARC = YES;
				CLANG_ENABLE_OBJC_WEAK = YES;
				CLANG_WARN_BLOCK_CAPTURE_AUTORELEASING = YES;
				CLANG_WARN_BOOL_CONVERSION = YES;
				CLANG_WARN_COMMA = YES;
				CLANG_WARN_CONSTANT_CONVERSION = YES;
				CLANG_WARN_DEPRECATED_OBJC_IMPLEMENTATIONS = YES;
				CLANG_WARN_DIRECT_OBJC_ISA_USAGE = YES_ERROR;
				CLANG_WARN_DOCUMENTATION_COMMENTS = YES;
				CLANG_WARN_EMPTY_BODY = YES;
				CLANG_WARN_ENUM_CONVERSION = YES;
				CLANG_WARN_INFINITE_RECURSION = YES;
				CLANG_WARN_INT_CONVERSION = YES;
				CLANG_WARN_NON_LITERAL_NULL_CONVERSION = YES;
				CLANG_WARN_OBJC_IMPLICIT_RETAIN_SELF = YES;
				CLANG_WARN_OBJC_LITERAL_CONVERSION = YES;
				CLANG_WARN_OBJC_ROOT_CLASS = YES_ERROR;
				CLANG_WARN_RANGE_LOOP_ANALYSIS = YES;
				CLANG_WARN_STRICT_PROTOTYPES = YES;
				CLANG_WARN_SUSPICIOUS_MOVE = YES;
				CLANG_WARN_UNGUARDED_AVAILABILITY = YES_AGGRESSIVE;
				CLANG_WARN_UNREACHABLE_CODE = YES;
				CLANG_WARN__DUPLICATE_METHOD_MATCH = YES;
				COPY_PHASE_STRIP = NO;
				DEBUG_INFORMATION_FORMAT = "dwarf-with-dsym";
				ENABLE_NS_ASSERTIONS = NO;
				ENABLE_STRICT_OBJC_MSGSEND = YES;
				GCC_C_LANGUAGE_STANDARD = gnu11;
				GCC_NO_COMMON_BLOCKS = YES;
				GCC_WARN_64_TO_32_BIT_CONVERSION = YES;
				GCC_WARN_ABOUT_RETURN_TYPE = YES_ERROR;
				GCC_WARN_UNDECLARED_SELECTOR = YES;
				GCC_WARN_UNINITIALIZED_AUTOS = YES_AGGRESSIVE;
				GCC_WARN_UNUSED_FUNCTION = YES;
				GCC_WARN_UNUSED_VARIABLE = YES;
				IPHONEOS_DEPLOYMENT_TARGET = 13.0;
				MTL_ENABLE_DEBUG_INFO = NO;
				MTL_FAST_MATH = YES;
				SDKROOT = iphoneos;
				SWIFT_COMPILATION_MODE = wholemodule;
				SWIFT_OPTIMIZATION_LEVEL = "-O";
				SWIFT_VERSION = 5.0;
				VALIDATE_PRODUCT = YES;
			};
			name = Release;
		};
		D0554F1024030D1F00264011 /* Debug */ = {
			isa = XCBuildConfiguration;
			buildSettings = {
				ASSETCATALOG_COMPILER_APPICON_NAME = AppIcon;
				CODE_SIGN_STYLE = Automatic;
				INFOPLIST_FILE = TestiOS/Info.plist;
				LD_RUNPATH_SEARCH_PATHS = (
					"$(inherited)",
					"@executable_path/Frameworks",
				);
				PRODUCT_BUNDLE_IDENTIFIER = rs.vacic.dev.TestiOS;
				PRODUCT_NAME = "$(TARGET_NAME)";
				TARGETED_DEVICE_FAMILY = "1,2";
			};
			name = Debug;
		};
		D0554F1124030D1F00264011 /* Release */ = {
			isa = XCBuildConfiguration;
			buildSettings = {
				ASSETCATALOG_COMPILER_APPICON_NAME = AppIcon;
				CODE_SIGN_STYLE = Automatic;
				INFOPLIST_FILE = TestiOS/Info.plist;
				LD_RUNPATH_SEARCH_PATHS = (
					"$(inherited)",
					"@executable_path/Frameworks",
				);
				PRODUCT_BUNDLE_IDENTIFIER = rs.vacic.dev.TestiOS;
				PRODUCT_NAME = "$(TARGET_NAME)";
				TARGETED_DEVICE_FAMILY = "1,2";
			};
			name = Release;
		};
		D0554F3024030DB200264011 /* Debug */ = {
			isa = XCBuildConfiguration;
			buildSettings = {
				ASSETCATALOG_COMPILER_COMPLICATION_NAME = Complication;
				CODE_SIGN_STYLE = Automatic;
				INFOPLIST_FILE = "TestwatchOS Extension/Info.plist";
				LD_RUNPATH_SEARCH_PATHS = (
					"$(inherited)",
					"@executable_path/Frameworks",
					"@executable_path/../../Frameworks",
				);
				PRODUCT_BUNDLE_IDENTIFIER = rs.vacic.dev.TestiOS.watchkitapp.watchkitextension;
				PRODUCT_NAME = "${TARGET_NAME}";
				SDKROOT = watchos;
				SKIP_INSTALL = YES;
				SWIFT_VERSION = 5.0;
				TARGETED_DEVICE_FAMILY = 4;
				WATCHOS_DEPLOYMENT_TARGET = 6.1;
			};
			name = Debug;
		};
		D0554F3124030DB200264011 /* Release */ = {
			isa = XCBuildConfiguration;
			buildSettings = {
				ASSETCATALOG_COMPILER_COMPLICATION_NAME = Complication;
				CODE_SIGN_STYLE = Automatic;
				INFOPLIST_FILE = "TestwatchOS Extension/Info.plist";
				LD_RUNPATH_SEARCH_PATHS = (
					"$(inherited)",
					"@executable_path/Frameworks",
					"@executable_path/../../Frameworks",
				);
				PRODUCT_BUNDLE_IDENTIFIER = rs.vacic.dev.TestiOS.watchkitapp.watchkitextension;
				PRODUCT_NAME = "${TARGET_NAME}";
				SDKROOT = watchos;
				SKIP_INSTALL = YES;
				SWIFT_VERSION = 5.0;
				TARGETED_DEVICE_FAMILY = 4;
				WATCHOS_DEPLOYMENT_TARGET = 6.1;
			};
			name = Release;
		};
		D0554F3424030DB200264011 /* Debug */ = {
			isa = XCBuildConfiguration;
			buildSettings = {
				ALWAYS_EMBED_SWIFT_STANDARD_LIBRARIES = YES;
				ASSETCATALOG_COMPILER_APPICON_NAME = AppIcon;
				CODE_SIGN_STYLE = Automatic;
				IBSC_MODULE = TestwatchOS_Extension;
				INFOPLIST_FILE = TestwatchOS/Info.plist;
				PRODUCT_BUNDLE_IDENTIFIER = rs.vacic.dev.TestiOS.watchkitapp;
				PRODUCT_NAME = "$(TARGET_NAME)";
				SDKROOT = watchos;
				SKIP_INSTALL = YES;
				SWIFT_VERSION = 5.0;
				TARGETED_DEVICE_FAMILY = 4;
				WATCHOS_DEPLOYMENT_TARGET = 6.1;
			};
			name = Debug;
		};
		D0554F3524030DB200264011 /* Release */ = {
			isa = XCBuildConfiguration;
			buildSettings = {
				ALWAYS_EMBED_SWIFT_STANDARD_LIBRARIES = YES;
				ASSETCATALOG_COMPILER_APPICON_NAME = AppIcon;
				CODE_SIGN_STYLE = Automatic;
				IBSC_MODULE = TestwatchOS_Extension;
				INFOPLIST_FILE = TestwatchOS/Info.plist;
				PRODUCT_BUNDLE_IDENTIFIER = rs.vacic.dev.TestiOS.watchkitapp;
				PRODUCT_NAME = "$(TARGET_NAME)";
				SDKROOT = watchos;
				SKIP_INSTALL = YES;
				SWIFT_VERSION = 5.0;
				TARGETED_DEVICE_FAMILY = 4;
				WATCHOS_DEPLOYMENT_TARGET = 6.1;
			};
			name = Release;
		};
/* End XCBuildConfiguration section */

/* Begin XCConfigurationList section */
		D0554EF624030D1F00264011 /* Build configuration list for PBXProject "TestiOS" */ = {
			isa = XCConfigurationList;
			buildConfigurations = (
				D0554F0D24030D1F00264011 /* Debug */,
				D0554F0E24030D1F00264011 /* Release */,
			);
			defaultConfigurationIsVisible = 0;
			defaultConfigurationName = Release;
		};
		D0554F0F24030D1F00264011 /* Build configuration list for PBXNativeTarget "TestiOS" */ = {
			isa = XCConfigurationList;
			buildConfigurations = (
				D0554F1024030D1F00264011 /* Debug */,
				D0554F1124030D1F00264011 /* Release */,
			);
			defaultConfigurationIsVisible = 0;
			defaultConfigurationName = Release;
		};
		D0554F2F24030DB200264011 /* Build configuration list for PBXNativeTarget "TestwatchOS Extension" */ = {
			isa = XCConfigurationList;
			buildConfigurations = (
				D0554F3024030DB200264011 /* Debug */,
				D0554F3124030DB200264011 /* Release */,
			);
			defaultConfigurationIsVisible = 0;
			defaultConfigurationName = Release;
		};
		D0554F3324030DB200264011 /* Build configuration list for PBXNativeTarget "TestwatchOS" */ = {
			isa = XCConfigurationList;
			buildConfigurations = (
				D0554F3424030DB200264011 /* Debug */,
				D0554F3524030DB200264011 /* Release */,
			);
			defaultConfigurationIsVisible = 0;
			defaultConfigurationName = Release;
		};
/* End XCConfigurationList section */

/* Begin XCVersionGroup section */
		D0554F3724031AA400264011 /* TestModel.xcdatamodeld */ = {
			isa = XCVersionGroup;
			children = (
				D0554F3824031AA400264011 /* TestModel.xcdatamodel */,
			);
			currentVersion = D0554F3824031AA400264011 /* TestModel.xcdatamodel */;
			path = TestModel.xcdatamodeld;
			sourceTree = "<group>";
			versionGroupType = wrapper.xcdatamodel;
		};
/* End XCVersionGroup section */
	};
	rootObject = D0554EF324030D1F00264011 /* Project object */;
}
